
Microsoft Visual Studio Solution File, Format Version 12.00
# Visual Studio Version 16
VisualStudioVersion = 16.0.30114.105
MinimumVisualStudioVersion = 10.0.40219.1
Project("{2150E333-8FDC-42A3-9474-1A3956D46DE8}") = "Play.Catalog", "Play.Catalog", "{781E718B-00EB-48B8-82E7-89C2D809B06C}"
EndProject
Project("{2150E333-8FDC-42A3-9474-1A3956D46DE8}") = "src", "src", "{F9BF0349-867A-417A-B4E1-BF4F567B75D1}"
EndProject
Project("{FAE04EC0-301F-11D3-BF4B-00C04F79EFBC}") = "Play.Catalog.Contracts", "Play.Catalog\src\Play.Catalog.Contracts\Play.Catalog.Contracts.csproj", "{72E1B502-BA05-40E6-9CA1-34EBBAAC5C63}"
EndProject
Project("{FAE04EC0-301F-11D3-BF4B-00C04F79EFBC}") = "Play.Catalog.Service", "Play.Catalog\src\Play.Catalog.Service\Play.Catalog.Service.csproj", "{B288D225-E8F9-4AF9-B0EC-3B54EE547529}"
EndProject
Project("{2150E333-8FDC-42A3-9474-1A3956D46DE8}") = "Play.Common", "Play.Common", "{98964297-689E-4CF7-A86A-8AC46A269C9A}"
EndProject
Project("{2150E333-8FDC-42A3-9474-1A3956D46DE8}") = "src", "src", "{CDF8565E-73BC-4930-9583-F71A27B3C93E}"
EndProject
Project("{FAE04EC0-301F-11D3-BF4B-00C04F79EFBC}") = "Play.Common", "Play.Common\src\Play.Common\Play.Common.csproj", "{3A2C75D8-0AD2-4FE4-9549-8C13D8AD7E17}"
EndProject
Project("{2150E333-8FDC-42A3-9474-1A3956D46DE8}") = "Play.Identity", "Play.Identity", "{DB3FE304-96A9-474B-BA75-24599C9494DF}"
EndProject
Project("{2150E333-8FDC-42A3-9474-1A3956D46DE8}") = "src", "src", "{E031FEB6-60CC-47EB-9092-B25E273FD974}"
EndProject
Project("{FAE04EC0-301F-11D3-BF4B-00C04F79EFBC}") = "Play.Identity.Service", "Play.Identity\src\Play.Identity.Service\Play.Identity.Service.csproj", "{A163CF30-3132-431F-B745-69B935E1C4E7}"
EndProject
Project("{2150E333-8FDC-42A3-9474-1A3956D46DE8}") = "Play.Inventory", "Play.Inventory", "{5B27A9C1-C12F-451C-9E30-F356DE9E414D}"
EndProject
Project("{2150E333-8FDC-42A3-9474-1A3956D46DE8}") = "src", "src", "{EC839BCC-691A-4402-AAEC-053BB34B0685}"
EndProject
Project("{FAE04EC0-301F-11D3-BF4B-00C04F79EFBC}") = "Play.Inventory.Service", "Play.Inventory\src\Play.Inventory.Service\Play.Inventory.Service.csproj", "{05741AEC-1047-47DA-BDAD-9D146B6A6FF8}"
EndProject
Global
	GlobalSection(SolutionConfigurationPlatforms) = preSolution
		Debug|Any CPU = Debug|Any CPU
		Debug|x64 = Debug|x64
		Debug|x86 = Debug|x86
		Release|Any CPU = Release|Any CPU
		Release|x64 = Release|x64
		Release|x86 = Release|x86
	EndGlobalSection
	GlobalSection(SolutionProperties) = preSolution
		HideSolutionNode = FALSE
	EndGlobalSection
	GlobalSection(ProjectConfigurationPlatforms) = postSolution
		{72E1B502-BA05-40E6-9CA1-34EBBAAC5C63}.Debug|Any CPU.ActiveCfg = Debug|Any CPU
		{72E1B502-BA05-40E6-9CA1-34EBBAAC5C63}.Debug|Any CPU.Build.0 = Debug|Any CPU
		{72E1B502-BA05-40E6-9CA1-34EBBAAC5C63}.Debug|x64.ActiveCfg = Debug|Any CPU
		{72E1B502-BA05-40E6-9CA1-34EBBAAC5C63}.Debug|x64.Build.0 = Debug|Any CPU
		{72E1B502-BA05-40E6-9CA1-34EBBAAC5C63}.Debug|x86.ActiveCfg = Debug|Any CPU
		{72E1B502-BA05-40E6-9CA1-34EBBAAC5C63}.Debug|x86.Build.0 = Debug|Any CPU
		{72E1B502-BA05-40E6-9CA1-34EBBAAC5C63}.Release|Any CPU.ActiveCfg = Release|Any CPU
		{72E1B502-BA05-40E6-9CA1-34EBBAAC5C63}.Release|Any CPU.Build.0 = Release|Any CPU
		{72E1B502-BA05-40E6-9CA1-34EBBAAC5C63}.Release|x64.ActiveCfg = Release|Any CPU
		{72E1B502-BA05-40E6-9CA1-34EBBAAC5C63}.Release|x64.Build.0 = Release|Any CPU
		{72E1B502-BA05-40E6-9CA1-34EBBAAC5C63}.Release|x86.ActiveCfg = Release|Any CPU
		{72E1B502-BA05-40E6-9CA1-34EBBAAC5C63}.Release|x86.Build.0 = Release|Any CPU
		{B288D225-E8F9-4AF9-B0EC-3B54EE547529}.Debug|Any CPU.ActiveCfg = Debug|Any CPU
		{B288D225-E8F9-4AF9-B0EC-3B54EE547529}.Debug|Any CPU.Build.0 = Debug|Any CPU
		{B288D225-E8F9-4AF9-B0EC-3B54EE547529}.Debug|x64.ActiveCfg = Debug|Any CPU
		{B288D225-E8F9-4AF9-B0EC-3B54EE547529}.Debug|x64.Build.0 = Debug|Any CPU
		{B288D225-E8F9-4AF9-B0EC-3B54EE547529}.Debug|x86.ActiveCfg = Debug|Any CPU
		{B288D225-E8F9-4AF9-B0EC-3B54EE547529}.Debug|x86.Build.0 = Debug|Any CPU
		{B288D225-E8F9-4AF9-B0EC-3B54EE547529}.Release|Any CPU.ActiveCfg = Release|Any CPU
		{B288D225-E8F9-4AF9-B0EC-3B54EE547529}.Release|Any CPU.Build.0 = Release|Any CPU
		{B288D225-E8F9-4AF9-B0EC-3B54EE547529}.Release|x64.ActiveCfg = Release|Any CPU
		{B288D225-E8F9-4AF9-B0EC-3B54EE547529}.Release|x64.Build.0 = Release|Any CPU
		{B288D225-E8F9-4AF9-B0EC-3B54EE547529}.Release|x86.ActiveCfg = Release|Any CPU
		{B288D225-E8F9-4AF9-B0EC-3B54EE547529}.Release|x86.Build.0 = Release|Any CPU
		{3A2C75D8-0AD2-4FE4-9549-8C13D8AD7E17}.Debug|Any CPU.ActiveCfg = Debug|Any CPU
		{3A2C75D8-0AD2-4FE4-9549-8C13D8AD7E17}.Debug|Any CPU.Build.0 = Debug|Any CPU
		{3A2C75D8-0AD2-4FE4-9549-8C13D8AD7E17}.Debug|x64.ActiveCfg = Debug|Any CPU
		{3A2C75D8-0AD2-4FE4-9549-8C13D8AD7E17}.Debug|x64.Build.0 = Debug|Any CPU
		{3A2C75D8-0AD2-4FE4-9549-8C13D8AD7E17}.Debug|x86.ActiveCfg = Debug|Any CPU
		{3A2C75D8-0AD2-4FE4-9549-8C13D8AD7E17}.Debug|x86.Build.0 = Debug|Any CPU
		{3A2C75D8-0AD2-4FE4-9549-8C13D8AD7E17}.Release|Any CPU.ActiveCfg = Release|Any CPU
		{3A2C75D8-0AD2-4FE4-9549-8C13D8AD7E17}.Release|Any CPU.Build.0 = Release|Any CPU
		{3A2C75D8-0AD2-4FE4-9549-8C13D8AD7E17}.Release|x64.ActiveCfg = Release|Any CPU
		{3A2C75D8-0AD2-4FE4-9549-8C13D8AD7E17}.Release|x64.Build.0 = Release|Any CPU
		{3A2C75D8-0AD2-4FE4-9549-8C13D8AD7E17}.Release|x86.ActiveCfg = Release|Any CPU
		{3A2C75D8-0AD2-4FE4-9549-8C13D8AD7E17}.Release|x86.Build.0 = Release|Any CPU
		{A163CF30-3132-431F-B745-69B935E1C4E7}.Debug|Any CPU.ActiveCfg = Debug|Any CPU
		{A163CF30-3132-431F-B745-69B935E1C4E7}.Debug|Any CPU.Build.0 = Debug|Any CPU
		{A163CF30-3132-431F-B745-69B935E1C4E7}.Debug|x64.ActiveCfg = Debug|Any CPU
		{A163CF30-3132-431F-B745-69B935E1C4E7}.Debug|x64.Build.0 = Debug|Any CPU
		{A163CF30-3132-431F-B745-69B935E1C4E7}.Debug|x86.ActiveCfg = Debug|Any CPU
		{A163CF30-3132-431F-B745-69B935E1C4E7}.Debug|x86.Build.0 = Debug|Any CPU
		{A163CF30-3132-431F-B745-69B935E1C4E7}.Release|Any CPU.ActiveCfg = Release|Any CPU
		{A163CF30-3132-431F-B745-69B935E1C4E7}.Release|Any CPU.Build.0 = Release|Any CPU
		{A163CF30-3132-431F-B745-69B935E1C4E7}.Release|x64.ActiveCfg = Release|Any CPU
		{A163CF30-3132-431F-B745-69B935E1C4E7}.Release|x64.Build.0 = Release|Any CPU
		{A163CF30-3132-431F-B745-69B935E1C4E7}.Release|x86.ActiveCfg = Release|Any CPU
		{A163CF30-3132-431F-B745-69B935E1C4E7}.Release|x86.Build.0 = Release|Any CPU
		{05741AEC-1047-47DA-BDAD-9D146B6A6FF8}.Debug|Any CPU.ActiveCfg = Debug|Any CPU
		{05741AEC-1047-47DA-BDAD-9D146B6A6FF8}.Debug|Any CPU.Build.0 = Debug|Any CPU
		{05741AEC-1047-47DA-BDAD-9D146B6A6FF8}.Debug|x64.ActiveCfg = Debug|Any CPU
		{05741AEC-1047-47DA-BDAD-9D146B6A6FF8}.Debug|x64.Build.0 = Debug|Any CPU
		{05741AEC-1047-47DA-BDAD-9D146B6A6FF8}.Debug|x86.ActiveCfg = Debug|Any CPU
		{05741AEC-1047-47DA-BDAD-9D146B6A6FF8}.Debug|x86.Build.0 = Debug|Any CPU
		{05741AEC-1047-47DA-BDAD-9D146B6A6FF8}.Release|Any CPU.ActiveCfg = Release|Any CPU
		{05741AEC-1047-47DA-BDAD-9D146B6A6FF8}.Release|Any CPU.Build.0 = Release|Any CPU
		{05741AEC-1047-47DA-BDAD-9D146B6A6FF8}.Release|x64.ActiveCfg = Release|Any CPU
		{05741AEC-1047-47DA-BDAD-9D146B6A6FF8}.Release|x64.Build.0 = Release|Any CPU
		{05741AEC-1047-47DA-BDAD-9D146B6A6FF8}.Release|x86.ActiveCfg = Release|Any CPU
		{05741AEC-1047-47DA-BDAD-9D146B6A6FF8}.Release|x86.Build.0 = Release|Any CPU
	EndGlobalSection
	GlobalSection(NestedProjects) = preSolution
		{F9BF0349-867A-417A-B4E1-BF4F567B75D1} = {781E718B-00EB-48B8-82E7-89C2D809B06C}
		{72E1B502-BA05-40E6-9CA1-34EBBAAC5C63} = {F9BF0349-867A-417A-B4E1-BF4F567B75D1}
		{B288D225-E8F9-4AF9-B0EC-3B54EE547529} = {F9BF0349-867A-417A-B4E1-BF4F567B75D1}
		{CDF8565E-73BC-4930-9583-F71A27B3C93E} = {98964297-689E-4CF7-A86A-8AC46A269C9A}
		{3A2C75D8-0AD2-4FE4-9549-8C13D8AD7E17} = {CDF8565E-73BC-4930-9583-F71A27B3C93E}
		{E031FEB6-60CC-47EB-9092-B25E273FD974} = {DB3FE304-96A9-474B-BA75-24599C9494DF}
		{A163CF30-3132-431F-B745-69B935E1C4E7} = {E031FEB6-60CC-47EB-9092-B25E273FD974}
		{EC839BCC-691A-4402-AAEC-053BB34B0685} = {5B27A9C1-C12F-451C-9E30-F356DE9E414D}
		{05741AEC-1047-47DA-BDAD-9D146B6A6FF8} = {EC839BCC-691A-4402-AAEC-053BB34B0685}
	EndGlobalSection
EndGlobal
